// !$*UTF8*$!
{
	archiveVersion = 1;
	classes = {
	};
	objectVersion = 77;
	objects = {

/* Begin PBXBuildFile section */
		5032D6A82D50FB6200E11015 /* OpenAPIRuntime in Frameworks */ = {isa = PBXBuildFile; productRef = 5032D6A72D50FB6200E11015 /* OpenAPIRuntime */; };
		5032D6AA2D50FB6A00E11015 /* OpenAPIURLSession in Frameworks */ = {isa = PBXBuildFile; productRef = 5032D6A92D50FB6A00E11015 /* OpenAPIURLSession */; };
/* End PBXBuildFile section */

/* Begin PBXContainerItemProxy section */
		5032D6862D50F46300E11015 /* PBXContainerItemProxy */ = {
			isa = PBXContainerItemProxy;
			containerPortal = 5032D6672D50F45B00E11015 /* Project object */;
			proxyType = 1;
			remoteGlobalIDString = 5032D66E2D50F45C00E11015;
			remoteInfo = TravelSchedule;
		};
		5032D6902D50F46300E11015 /* PBXContainerItemProxy */ = {
			isa = PBXContainerItemProxy;
			containerPortal = 5032D6672D50F45B00E11015 /* Project object */;
			proxyType = 1;
			remoteGlobalIDString = 5032D66E2D50F45C00E11015;
			remoteInfo = TravelSchedule;
		};
/* End PBXContainerItemProxy section */

/* Begin PBXFileReference section */
		5032D66F2D50F45C00E11015 /* TravelSchedule.app */ = {isa = PBXFileReference; explicitFileType = wrapper.application; includeInIndex = 0; path = TravelSchedule.app; sourceTree = BUILT_PRODUCTS_DIR; };
		5032D6852D50F46300E11015 /* TravelScheduleTests.xctest */ = {isa = PBXFileReference; explicitFileType = wrapper.cfbundle; includeInIndex = 0; path = TravelScheduleTests.xctest; sourceTree = BUILT_PRODUCTS_DIR; };
		5032D68F2D50F46300E11015 /* TravelScheduleUITests.xctest */ = {isa = PBXFileReference; explicitFileType = wrapper.cfbundle; includeInIndex = 0; path = TravelScheduleUITests.xctest; sourceTree = BUILT_PRODUCTS_DIR; };
/* End PBXFileReference section */

/* Begin PBXFileSystemSynchronizedBuildFileExceptionSet section */
		5032D6972D50F46300E11015 /* Exceptions for "TravelSchedule" folder in "TravelSchedule" target */ = {
			isa = PBXFileSystemSynchronizedBuildFileExceptionSet;
			membershipExceptions = (
				Info.plist,
			);
			target = 5032D66E2D50F45C00E11015 /* TravelSchedule */;
		};
/* End PBXFileSystemSynchronizedBuildFileExceptionSet section */

/* Begin PBXFileSystemSynchronizedRootGroup section */
		5032D6712D50F45C00E11015 /* TravelSchedule */ = {
			isa = PBXFileSystemSynchronizedRootGroup;
			exceptions = (
				5032D6972D50F46300E11015 /* Exceptions for "TravelSchedule" folder in "TravelSchedule" target */,
			);
			path = TravelSchedule;
			sourceTree = "<group>";
		};
		5032D6882D50F46300E11015 /* TravelScheduleTests */ = {
			isa = PBXFileSystemSynchronizedRootGroup;
			path = TravelScheduleTests;
			sourceTree = "<group>";
		};
		5032D6922D50F46300E11015 /* TravelScheduleUITests */ = {
			isa = PBXFileSystemSynchronizedRootGroup;
			path = TravelScheduleUITests;
			sourceTree = "<group>";
		};
/* End PBXFileSystemSynchronizedRootGroup section */

/* Begin PBXFrameworksBuildPhase section */
		5032D66C2D50F45C00E11015 /* Frameworks */ = {
			isa = PBXFrameworksBuildPhase;
			buildActionMask = 2147483647;
			files = (
				5032D6AA2D50FB6A00E11015 /* OpenAPIURLSession in Frameworks */,
				5032D6A82D50FB6200E11015 /* OpenAPIRuntime in Frameworks */,
			);
			runOnlyForDeploymentPostprocessing = 0;
		};
		5032D6822D50F46300E11015 /* Frameworks */ = {
			isa = PBXFrameworksBuildPhase;
			buildActionMask = 2147483647;
			files = (
			);
			runOnlyForDeploymentPostprocessing = 0;
		};
		5032D68C2D50F46300E11015 /* Frameworks */ = {
			isa = PBXFrameworksBuildPhase;
			buildActionMask = 2147483647;
			files = (
			);
			runOnlyForDeploymentPostprocessing = 0;
		};
/* End PBXFrameworksBuildPhase section */

/* Begin PBXGroup section */
		5032D6662D50F45B00E11015 = {
			isa = PBXGroup;
			children = (
				5032D6712D50F45C00E11015 /* TravelSchedule */,
				5032D6882D50F46300E11015 /* TravelScheduleTests */,
				5032D6922D50F46300E11015 /* TravelScheduleUITests */,
				5032D6A62D50FB6200E11015 /* Frameworks */,
				5032D6702D50F45C00E11015 /* Products */,
			);
			sourceTree = "<group>";
		};
		5032D6702D50F45C00E11015 /* Products */ = {
			isa = PBXGroup;
			children = (
				5032D66F2D50F45C00E11015 /* TravelSchedule.app */,
				5032D6852D50F46300E11015 /* TravelScheduleTests.xctest */,
				5032D68F2D50F46300E11015 /* TravelScheduleUITests.xctest */,
			);
			name = Products;
			sourceTree = "<group>";
		};
		5032D6A62D50FB6200E11015 /* Frameworks */ = {
			isa = PBXGroup;
			children = (
			);
			name = Frameworks;
			sourceTree = "<group>";
		};
/* End PBXGroup section */

/* Begin PBXNativeTarget section */
		5032D66E2D50F45C00E11015 /* TravelSchedule */ = {
			isa = PBXNativeTarget;
			buildConfigurationList = 5032D6982D50F46300E11015 /* Build configuration list for PBXNativeTarget "TravelSchedule" */;
			buildPhases = (
				5032D66B2D50F45C00E11015 /* Sources */,
				5032D66C2D50F45C00E11015 /* Frameworks */,
				5032D66D2D50F45C00E11015 /* Resources */,
			);
			buildRules = (
			);
			dependencies = (
				5032D6AC2D5114B600E11015 /* PBXTargetDependency */,
			);
			fileSystemSynchronizedGroups = (
				5032D6712D50F45C00E11015 /* TravelSchedule */,
			);
			name = TravelSchedule;
			packageProductDependencies = (
				5032D6A72D50FB6200E11015 /* OpenAPIRuntime */,
				5032D6A92D50FB6A00E11015 /* OpenAPIURLSession */,
			);
			productName = TravelSchedule;
			productReference = 5032D66F2D50F45C00E11015 /* TravelSchedule.app */;
			productType = "com.apple.product-type.application";
		};
		5032D6842D50F46300E11015 /* TravelScheduleTests */ = {
			isa = PBXNativeTarget;
			buildConfigurationList = 5032D69D2D50F46300E11015 /* Build configuration list for PBXNativeTarget "TravelScheduleTests" */;
			buildPhases = (
				5032D6812D50F46300E11015 /* Sources */,
				5032D6822D50F46300E11015 /* Frameworks */,
				5032D6832D50F46300E11015 /* Resources */,
			);
			buildRules = (
			);
			dependencies = (
				5032D6872D50F46300E11015 /* PBXTargetDependency */,
			);
			fileSystemSynchronizedGroups = (
				5032D6882D50F46300E11015 /* TravelScheduleTests */,
			);
			name = TravelScheduleTests;
			packageProductDependencies = (
			);
			productName = TravelScheduleTests;
			productReference = 5032D6852D50F46300E11015 /* TravelScheduleTests.xctest */;
			productType = "com.apple.product-type.bundle.unit-test";
		};
		5032D68E2D50F46300E11015 /* TravelScheduleUITests */ = {
			isa = PBXNativeTarget;
			buildConfigurationList = 5032D6A02D50F46300E11015 /* Build configuration list for PBXNativeTarget "TravelScheduleUITests" */;
			buildPhases = (
				5032D68B2D50F46300E11015 /* Sources */,
				5032D68C2D50F46300E11015 /* Frameworks */,
				5032D68D2D50F46300E11015 /* Resources */,
			);
			buildRules = (
			);
			dependencies = (
				5032D6912D50F46300E11015 /* PBXTargetDependency */,
			);
			fileSystemSynchronizedGroups = (
				5032D6922D50F46300E11015 /* TravelScheduleUITests */,
			);
			name = TravelScheduleUITests;
			packageProductDependencies = (
			);
			productName = TravelScheduleUITests;
			productReference = 5032D68F2D50F46300E11015 /* TravelScheduleUITests.xctest */;
			productType = "com.apple.product-type.bundle.ui-testing";
		};
/* End PBXNativeTarget section */

/* Begin PBXProject section */
		5032D6672D50F45B00E11015 /* Project object */ = {
			isa = PBXProject;
			attributes = {
				BuildIndependentTargetsInParallel = 1;
				LastSwiftUpdateCheck = 1620;
				LastUpgradeCheck = 1620;
				TargetAttributes = {
					5032D66E2D50F45C00E11015 = {
						CreatedOnToolsVersion = 16.2;
					};
					5032D6842D50F46300E11015 = {
						CreatedOnToolsVersion = 16.2;
						TestTargetID = 5032D66E2D50F45C00E11015;
					};
					5032D68E2D50F46300E11015 = {
						CreatedOnToolsVersion = 16.2;
						TestTargetID = 5032D66E2D50F45C00E11015;
					};
				};
			};
			buildConfigurationList = 5032D66A2D50F45B00E11015 /* Build configuration list for PBXProject "TravelSchedule" */;
			developmentRegion = en;
			hasScannedForEncodings = 0;
			knownRegions = (
				en,
				Base,
			);
			mainGroup = 5032D6662D50F45B00E11015;
			minimizedProjectReferenceProxies = 1;
			packageReferences = (
				5032D6A32D50F9B500E11015 /* XCRemoteSwiftPackageReference "swift-openapi-generator" */,
				5032D6A42D50F9FD00E11015 /* XCRemoteSwiftPackageReference "swift-openapi-runtime" */,
				5032D6A52D50FA4D00E11015 /* XCRemoteSwiftPackageReference "swift-openapi-urlsession" */,
			);
			preferredProjectObjectVersion = 77;
			productRefGroup = 5032D6702D50F45C00E11015 /* Products */;
			projectDirPath = "";
			projectRoot = "";
			targets = (
				5032D66E2D50F45C00E11015 /* TravelSchedule */,
				5032D6842D50F46300E11015 /* TravelScheduleTests */,
				5032D68E2D50F46300E11015 /* TravelScheduleUITests */,
			);
		};
/* End PBXProject section */

/* Begin PBXResourcesBuildPhase section */
		5032D66D2D50F45C00E11015 /* Resources */ = {
			isa = PBXResourcesBuildPhase;
			buildActionMask = 2147483647;
			files = (
			);
			runOnlyForDeploymentPostprocessing = 0;
		};
		5032D6832D50F46300E11015 /* Resources */ = {
			isa = PBXResourcesBuildPhase;
			buildActionMask = 2147483647;
			files = (
			);
			runOnlyForDeploymentPostprocessing = 0;
		};
		5032D68D2D50F46300E11015 /* Resources */ = {
			isa = PBXResourcesBuildPhase;
			buildActionMask = 2147483647;
			files = (
			);
			runOnlyForDeploymentPostprocessing = 0;
		};
/* End PBXResourcesBuildPhase section */

/* Begin PBXSourcesBuildPhase section */
		5032D66B2D50F45C00E11015 /* Sources */ = {
			isa = PBXSourcesBuildPhase;
			buildActionMask = 2147483647;
			files = (
			);
			runOnlyForDeploymentPostprocessing = 0;
		};
		5032D6812D50F46300E11015 /* Sources */ = {
			isa = PBXSourcesBuildPhase;
			buildActionMask = 2147483647;
			files = (
			);
			runOnlyForDeploymentPostprocessing = 0;
		};
		5032D68B2D50F46300E11015 /* Sources */ = {
			isa = PBXSourcesBuildPhase;
			buildActionMask = 2147483647;
			files = (
			);
			runOnlyForDeploymentPostprocessing = 0;
		};
/* End PBXSourcesBuildPhase section */

/* Begin PBXTargetDependency section */
		5032D6872D50F46300E11015 /* PBXTargetDependency */ = {
			isa = PBXTargetDependency;
			target = 5032D66E2D50F45C00E11015 /* TravelSchedule */;
			targetProxy = 5032D6862D50F46300E11015 /* PBXContainerItemProxy */;
		};
		5032D6912D50F46300E11015 /* PBXTargetDependency */ = {
			isa = PBXTargetDependency;
			target = 5032D66E2D50F45C00E11015 /* TravelSchedule */;
			targetProxy = 5032D6902D50F46300E11015 /* PBXContainerItemProxy */;
		};
		5032D6AC2D5114B600E11015 /* PBXTargetDependency */ = {
			isa = PBXTargetDependency;
			productRef = 5032D6AB2D5114B600E11015 /* OpenAPIGenerator */;
		};
/* End PBXTargetDependency section */

/* Begin XCBuildConfiguration section */
		5032D6992D50F46300E11015 /* Debug */ = {
			isa = XCBuildConfiguration;
			buildSettings = {
				ASSETCATALOG_COMPILER_APPICON_NAME = AppIcon;
				ASSETCATALOG_COMPILER_GLOBAL_ACCENT_COLOR_NAME = AccentColor;
				CODE_SIGN_STYLE = Automatic;
				CURRENT_PROJECT_VERSION = 1;
				DEVELOPMENT_TEAM = Z3KSZT26UK;
				GENERATE_INFOPLIST_FILE = YES;
				INFOPLIST_FILE = TravelSchedule/Info.plist;
				INFOPLIST_KEY_UIApplicationSupportsIndirectInputEvents = YES;
				INFOPLIST_KEY_UILaunchStoryboardName = LaunchScreen;
				INFOPLIST_KEY_UIMainStoryboardFile = Main;
				INFOPLIST_KEY_UISupportedInterfaceOrientations_iPad = "UIInterfaceOrientationPortrait UIInterfaceOrientationPortraitUpsideDown UIInterfaceOrientationLandscapeLeft UIInterfaceOrientationLandscapeRight";
				INFOPLIST_KEY_UISupportedInterfaceOrientations_iPhone = "UIInterfaceOrientationPortrait UIInterfaceOrientationLandscapeLeft UIInterfaceOrientationLandscapeRight";
				LD_RUNPATH_SEARCH_PATHS = (
					"$(inherited)",
					"@executable_path/Frameworks",
				);
				MARKETING_VERSION = 1.0;
				PRODUCT_BUNDLE_IDENTIFIER = ru.yandex.practicum.TravelSchedule;
				PRODUCT_NAME = "$(TARGET_NAME)";
				SWIFT_EMIT_LOC_STRINGS = YES;
				SWIFT_VERSION = 5.0;
				TARGETED_DEVICE_FAMILY = "1,2";
			};
			name = Debug;
		};
		5032D69A2D50F46300E11015 /* Release */ = {
			isa = XCBuildConfiguration;
			buildSettings = {
				ASSETCATALOG_COMPILER_APPICON_NAME = AppIcon;
				ASSETCATALOG_COMPILER_GLOBAL_ACCENT_COLOR_NAME = AccentColor;
				CODE_SIGN_STYLE = Automatic;
				CURRENT_PROJECT_VERSION = 1;
				DEVELOPMENT_TEAM = Z3KSZT26UK;
				GENERATE_INFOPLIST_FILE = YES;
				INFOPLIST_FILE = TravelSchedule/Info.plist;
				INFOPLIST_KEY_UIApplicationSupportsIndirectInputEvents = YES;
				INFOPLIST_KEY_UILaunchStoryboardName = LaunchScreen;
				INFOPLIST_KEY_UIMainStoryboardFile = Main;
				INFOPLIST_KEY_UISupportedInterfaceOrientations_iPad = "UIInterfaceOrientationPortrait UIInterfaceOrientationPortraitUpsideDown UIInterfaceOrientationLandscapeLeft UIInterfaceOrientationLandscapeRight";
				INFOPLIST_KEY_UISupportedInterfaceOrientations_iPhone = "UIInterfaceOrientationPortrait UIInterfaceOrientationLandscapeLeft UIInterfaceOrientationLandscapeRight";
				LD_RUNPATH_SEARCH_PATHS = (
					"$(inherited)",
					"@executable_path/Frameworks",
				);
				MARKETING_VERSION = 1.0;
				PRODUCT_BUNDLE_IDENTIFIER = ru.yandex.practicum.TravelSchedule;
				PRODUCT_NAME = "$(TARGET_NAME)";
				SWIFT_EMIT_LOC_STRINGS = YES;
				SWIFT_VERSION = 5.0;
				TARGETED_DEVICE_FAMILY = "1,2";
			};
			name = Release;
		};
		5032D69B2D50F46300E11015 /* Debug */ = {
			isa = XCBuildConfiguration;
			buildSettings = {
				ALWAYS_SEARCH_USER_PATHS = NO;
				ASSETCATALOG_COMPILER_GENERATE_SWIFT_ASSET_SYMBOL_EXTENSIONS = YES;
				CLANG_ANALYZER_NONNULL = YES;
				CLANG_ANALYZER_NUMBER_OBJECT_CONVERSION = YES_AGGRESSIVE;
				CLANG_CXX_LANGUAGE_STANDARD = "gnu++20";
				CLANG_ENABLE_MODULES = YES;
				CLANG_ENABLE_OBJC_ARC = YES;
				CLANG_ENABLE_OBJC_WEAK = YES;
				CLANG_WARN_BLOCK_CAPTURE_AUTORELEASING = YES;
				CLANG_WARN_BOOL_CONVERSION = YES;
				CLANG_WARN_COMMA = YES;
				CLANG_WARN_CONSTANT_CONVERSION = YES;
				CLANG_WARN_DEPRECATED_OBJC_IMPLEMENTATIONS = YES;
				CLANG_WARN_DIRECT_OBJC_ISA_USAGE = YES_ERROR;
				CLANG_WARN_DOCUMENTATION_COMMENTS = YES;
				CLANG_WARN_EMPTY_BODY = YES;
				CLANG_WARN_ENUM_CONVERSION = YES;
				CLANG_WARN_INFINITE_RECURSION = YES;
				CLANG_WARN_INT_CONVERSION = YES;
				CLANG_WARN_NON_LITERAL_NULL_CONVERSION = YES;
				CLANG_WARN_OBJC_IMPLICIT_RETAIN_SELF = YES;
				CLANG_WARN_OBJC_LITERAL_CONVERSION = YES;
				CLANG_WARN_OBJC_ROOT_CLASS = YES_ERROR;
				CLANG_WARN_QUOTED_INCLUDE_IN_FRAMEWORK_HEADER = YES;
				CLANG_WARN_RANGE_LOOP_ANALYSIS = YES;
				CLANG_WARN_STRICT_PROTOTYPES = YES;
				CLANG_WARN_SUSPICIOUS_MOVE = YES;
				CLANG_WARN_UNGUARDED_AVAILABILITY = YES_AGGRESSIVE;
				CLANG_WARN_UNREACHABLE_CODE = YES;
				CLANG_WARN__DUPLICATE_METHOD_MATCH = YES;
				COPY_PHASE_STRIP = NO;
				DEBUG_INFORMATION_FORMAT = dwarf;
				ENABLE_STRICT_OBJC_MSGSEND = YES;
				ENABLE_TESTABILITY = YES;
				ENABLE_USER_SCRIPT_SANDBOXING = YES;
				GCC_C_LANGUAGE_STANDARD = gnu17;
				GCC_DYNAMIC_NO_PIC = NO;
				GCC_NO_COMMON_BLOCKS = YES;
				GCC_OPTIMIZATION_LEVEL = 0;
				GCC_PREPROCESSOR_DEFINITIONS = (
					"DEBUG=1",
					"$(inherited)",
				);
				GCC_WARN_64_TO_32_BIT_CONVERSION = YES;
				GCC_WARN_ABOUT_RETURN_TYPE = YES_ERROR;
				GCC_WARN_UNDECLARED_SELECTOR = YES;
				GCC_WARN_UNINITIALIZED_AUTOS = YES_AGGRESSIVE;
				GCC_WARN_UNUSED_FUNCTION = YES;
				GCC_WARN_UNUSED_VARIABLE = YES;
				IPHONEOS_DEPLOYMENT_TARGET = 18.2;
				LOCALIZATION_PREFERS_STRING_CATALOGS = YES;
				MTL_ENABLE_DEBUG_INFO = INCLUDE_SOURCE;
				MTL_FAST_MATH = YES;
				ONLY_ACTIVE_ARCH = YES;
				SDKROOT = iphoneos;
				SWIFT_ACTIVE_COMPILATION_CONDITIONS = "DEBUG $(inherited)";
				SWIFT_OPTIMIZATION_LEVEL = "-Onone";
			};
			name = Debug;
		};
		5032D69C2D50F46300E11015 /* Release */ = {
			isa = XCBuildConfiguration;
			buildSettings = {
				ALWAYS_SEARCH_USER_PATHS = NO;
				ASSETCATALOG_COMPILER_GENERATE_SWIFT_ASSET_SYMBOL_EXTENSIONS = YES;
				CLANG_ANALYZER_NONNULL = YES;
				CLANG_ANALYZER_NUMBER_OBJECT_CONVERSION = YES_AGGRESSIVE;
				CLANG_CXX_LANGUAGE_STANDARD = "gnu++20";
				CLANG_ENABLE_MODULES = YES;
				CLANG_ENABLE_OBJC_ARC = YES;
				CLANG_ENABLE_OBJC_WEAK = YES;
				CLANG_WARN_BLOCK_CAPTURE_AUTORELEASING = YES;
				CLANG_WARN_BOOL_CONVERSION = YES;
				CLANG_WARN_COMMA = YES;
				CLANG_WARN_CONSTANT_CONVERSION = YES;
				CLANG_WARN_DEPRECATED_OBJC_IMPLEMENTATIONS = YES;
				CLANG_WARN_DIRECT_OBJC_ISA_USAGE = YES_ERROR;
				CLANG_WARN_DOCUMENTATION_COMMENTS = YES;
				CLANG_WARN_EMPTY_BODY = YES;
				CLANG_WARN_ENUM_CONVERSION = YES;
				CLANG_WARN_INFINITE_RECURSION = YES;
				CLANG_WARN_INT_CONVERSION = YES;
				CLANG_WARN_NON_LITERAL_NULL_CONVERSION = YES;
				CLANG_WARN_OBJC_IMPLICIT_RETAIN_SELF = YES;
				CLANG_WARN_OBJC_LITERAL_CONVERSION = YES;
				CLANG_WARN_OBJC_ROOT_CLASS = YES_ERROR;
				CLANG_WARN_QUOTED_INCLUDE_IN_FRAMEWORK_HEADER = YES;
				CLANG_WARN_RANGE_LOOP_ANALYSIS = YES;
				CLANG_WARN_STRICT_PROTOTYPES = YES;
				CLANG_WARN_SUSPICIOUS_MOVE = YES;
				CLANG_WARN_UNGUARDED_AVAILABILITY = YES_AGGRESSIVE;
				CLANG_WARN_UNREACHABLE_CODE = YES;
				CLANG_WARN__DUPLICATE_METHOD_MATCH = YES;
				COPY_PHASE_STRIP = NO;
				DEBUG_INFORMATION_FORMAT = "dwarf-with-dsym";
				ENABLE_NS_ASSERTIONS = NO;
				ENABLE_STRICT_OBJC_MSGSEND = YES;
				ENABLE_USER_SCRIPT_SANDBOXING = YES;
				GCC_C_LANGUAGE_STANDARD = gnu17;
				GCC_NO_COMMON_BLOCKS = YES;
				GCC_WARN_64_TO_32_BIT_CONVERSION = YES;
				GCC_WARN_ABOUT_RETURN_TYPE = YES_ERROR;
				GCC_WARN_UNDECLARED_SELECTOR = YES;
				GCC_WARN_UNINITIALIZED_AUTOS = YES_AGGRESSIVE;
				GCC_WARN_UNUSED_FUNCTION = YES;
				GCC_WARN_UNUSED_VARIABLE = YES;
				IPHONEOS_DEPLOYMENT_TARGET = 18.2;
				LOCALIZATION_PREFERS_STRING_CATALOGS = YES;
				MTL_ENABLE_DEBUG_INFO = NO;
				MTL_FAST_MATH = YES;
				SDKROOT = iphoneos;
				SWIFT_COMPILATION_MODE = wholemodule;
				VALIDATE_PRODUCT = YES;
			};
			name = Release;
		};
		5032D69E2D50F46300E11015 /* Debug */ = {
			isa = XCBuildConfiguration;
			buildSettings = {
				BUNDLE_LOADER = "$(TEST_HOST)";
				CODE_SIGN_STYLE = Automatic;
				CURRENT_PROJECT_VERSION = 1;
				DEVELOPMENT_TEAM = Z3KSZT26UK;
				GENERATE_INFOPLIST_FILE = YES;
				IPHONEOS_DEPLOYMENT_TARGET = 18.2;
				MARKETING_VERSION = 1.0;
				PRODUCT_BUNDLE_IDENTIFIER = ru.yandex.practicum.TravelScheduleTests;
				PRODUCT_NAME = "$(TARGET_NAME)";
				SWIFT_EMIT_LOC_STRINGS = NO;
				SWIFT_VERSION = 5.0;
				TARGETED_DEVICE_FAMILY = "1,2";
				TEST_HOST = "$(BUILT_PRODUCTS_DIR)/TravelSchedule.app/$(BUNDLE_EXECUTABLE_FOLDER_PATH)/TravelSchedule";
			};
			name = Debug;
		};
		5032D69F2D50F46300E11015 /* Release */ = {
			isa = XCBuildConfiguration;
			buildSettings = {
				BUNDLE_LOADER = "$(TEST_HOST)";
				CODE_SIGN_STYLE = Automatic;
				CURRENT_PROJECT_VERSION = 1;
				DEVELOPMENT_TEAM = Z3KSZT26UK;
				GENERATE_INFOPLIST_FILE = YES;
				IPHONEOS_DEPLOYMENT_TARGET = 18.2;
				MARKETING_VERSION = 1.0;
				PRODUCT_BUNDLE_IDENTIFIER = ru.yandex.practicum.TravelScheduleTests;
				PRODUCT_NAME = "$(TARGET_NAME)";
				SWIFT_EMIT_LOC_STRINGS = NO;
				SWIFT_VERSION = 5.0;
				TARGETED_DEVICE_FAMILY = "1,2";
				TEST_HOST = "$(BUILT_PRODUCTS_DIR)/TravelSchedule.app/$(BUNDLE_EXECUTABLE_FOLDER_PATH)/TravelSchedule";
			};
			name = Release;
		};
		5032D6A12D50F46300E11015 /* Debug */ = {
			isa = XCBuildConfiguration;
			buildSettings = {
				CODE_SIGN_STYLE = Automatic;
				CURRENT_PROJECT_VERSION = 1;
				DEVELOPMENT_TEAM = Z3KSZT26UK;
				GENERATE_INFOPLIST_FILE = YES;
				MARKETING_VERSION = 1.0;
				PRODUCT_BUNDLE_IDENTIFIER = ru.yandex.practicum.TravelScheduleUITests;
				PRODUCT_NAME = "$(TARGET_NAME)";
				SWIFT_EMIT_LOC_STRINGS = NO;
				SWIFT_VERSION = 5.0;
				TARGETED_DEVICE_FAMILY = "1,2";
				TEST_TARGET_NAME = TravelSchedule;
			};
			name = Debug;
		};
		5032D6A22D50F46300E11015 /* Release */ = {
			isa = XCBuildConfiguration;
			buildSettings = {
				CODE_SIGN_STYLE = Automatic;
				CURRENT_PROJECT_VERSION = 1;
				DEVELOPMENT_TEAM = Z3KSZT26UK;
				GENERATE_INFOPLIST_FILE = YES;
				MARKETING_VERSION = 1.0;
				PRODUCT_BUNDLE_IDENTIFIER = ru.yandex.practicum.TravelScheduleUITests;
				PRODUCT_NAME = "$(TARGET_NAME)";
				SWIFT_EMIT_LOC_STRINGS = NO;
				SWIFT_VERSION = 5.0;
				TARGETED_DEVICE_FAMILY = "1,2";
				TEST_TARGET_NAME = TravelSchedule;
			};
			name = Release;
		};
/* End XCBuildConfiguration section */

/* Begin XCConfigurationList section */
		5032D66A2D50F45B00E11015 /* Build configuration list for PBXProject "TravelSchedule" */ = {
			isa = XCConfigurationList;
			buildConfigurations = (
				5032D69B2D50F46300E11015 /* Debug */,
				5032D69C2D50F46300E11015 /* Release */,
			);
			defaultConfigurationIsVisible = 0;
			defaultConfigurationName = Release;
		};
		5032D6982D50F46300E11015 /* Build configuration list for PBXNativeTarget "TravelSchedule" */ = {
			isa = XCConfigurationList;
			buildConfigurations = (
				5032D6992D50F46300E11015 /* Debug */,
				5032D69A2D50F46300E11015 /* Release */,
			);
			defaultConfigurationIsVisible = 0;
			defaultConfigurationName = Release;
		};
		5032D69D2D50F46300E11015 /* Build configuration list for PBXNativeTarget "TravelScheduleTests" */ = {
			isa = XCConfigurationList;
			buildConfigurations = (
				5032D69E2D50F46300E11015 /* Debug */,
				5032D69F2D50F46300E11015 /* Release */,
			);
			defaultConfigurationIsVisible = 0;
			defaultConfigurationName = Release;
		};
		5032D6A02D50F46300E11015 /* Build configuration list for PBXNativeTarget "TravelScheduleUITests" */ = {
			isa = XCConfigurationList;
			buildConfigurations = (
				5032D6A12D50F46300E11015 /* Debug */,
				5032D6A22D50F46300E11015 /* Release */,
			);
			defaultConfigurationIsVisible = 0;
			defaultConfigurationName = Release;
		};
/* End XCConfigurationList section */

/* Begin XCRemoteSwiftPackageReference section */
		5032D6A32D50F9B500E11015 /* XCRemoteSwiftPackageReference "swift-openapi-generator" */ = {
			isa = XCRemoteSwiftPackageReference;
			repositoryURL = "https://github.com/apple/swift-openapi-generator";
			requirement = {
				kind = upToNextMajorVersion;
				minimumVersion = 1.7.0;
			};
		};
		5032D6A42D50F9FD00E11015 /* XCRemoteSwiftPackageReference "swift-openapi-runtime" */ = {
			isa = XCRemoteSwiftPackageReference;
			repositoryURL = "https://github.com/apple/swift-openapi-runtime";
			requirement = {
				kind = upToNextMajorVersion;
				minimumVersion = 1.8.0;
			};
		};
		5032D6A52D50FA4D00E11015 /* XCRemoteSwiftPackageReference "swift-openapi-urlsession" */ = {
			isa = XCRemoteSwiftPackageReference;
			repositoryURL = "https://github.com/apple/swift-openapi-urlsession";
			requirement = {
				kind = upToNextMajorVersion;
				minimumVersion = 1.0.2;
			};
		};
/* End XCRemoteSwiftPackageReference section */

/* Begin XCSwiftPackageProductDependency section */
		5032D6A72D50FB6200E11015 /* OpenAPIRuntime */ = {
			isa = XCSwiftPackageProductDependency;
			package = 5032D6A42D50F9FD00E11015 /* XCRemoteSwiftPackageReference "swift-openapi-runtime" */;
			productName = OpenAPIRuntime;
		};
		5032D6A92D50FB6A00E11015 /* OpenAPIURLSession */ = {
			isa = XCSwiftPackageProductDependency;
			package = 5032D6A52D50FA4D00E11015 /* XCRemoteSwiftPackageReference "swift-openapi-urlsession" */;
			productName = OpenAPIURLSession;
		};
		5032D6AB2D5114B600E11015 /* OpenAPIGenerator */ = {
			isa = XCSwiftPackageProductDependency;
			package = 5032D6A32D50F9B500E11015 /* XCRemoteSwiftPackageReference "swift-openapi-generator" */;
			productName = "plugin:OpenAPIGenerator";
		};
/* End XCSwiftPackageProductDependency section */
	};
	rootObject = 5032D6672D50F45B00E11015 /* Project object */;
}
